
Microsoft Visual Studio Solution File, Format Version 12.00
# Visual Studio Version 17
VisualStudioVersion = 17.0.31903.59
MinimumVisualStudioVersion = 10.0.40219.1
Project("{2150E333-8FDC-42A3-9474-1A3956D46DE8}") = "src", "src", "{0FDEC7BD-5E88-44EF-85F5-67C9201AAB9D}"
EndProject
Project("{FAE04EC0-301F-11D3-BF4B-00C04F79EFBC}") = "SalaryPredictor.Training", "src\SalaryPredictor.Training\SalaryPredictor.Training.csproj", "{FDAC6D58-CB1B-44F2-918E-84AEA0EFFBC7}"
EndProject
Global
	GlobalSection(SolutionConfigurationPlatforms) = preSolution
		Debug|Any CPU = Debug|Any CPU
		Release|Any CPU = Release|Any CPU
	EndGlobalSection
	GlobalSection(SolutionProperties) = preSolution
		HideSolutionNode = FALSE
	EndGlobalSection
	GlobalSection(ProjectConfigurationPlatforms) = postSolution
		{FDAC6D58-CB1B-44F2-918E-84AEA0EFFBC7}.Debug|Any CPU.ActiveCfg = Debug|Any CPU
		{FDAC6D58-CB1B-44F2-918E-84AEA0EFFBC7}.Debug|Any CPU.Build.0 = Debug|Any CPU
		{FDAC6D58-CB1B-44F2-918E-84AEA0EFFBC7}.Release|Any CPU.ActiveCfg = Release|Any CPU
		{FDAC6D58-CB1B-44F2-918E-84AEA0EFFBC7}.Release|Any CPU.Build.0 = Release|Any CPU
	EndGlobalSection
	GlobalSection(NestedProjects) = preSolution
		{FDAC6D58-CB1B-44F2-918E-84AEA0EFFBC7} = {0FDEC7BD-5E88-44EF-85F5-67C9201AAB9D}
	EndGlobalSection
EndGlobal
